{
  "name": "ink-sdk-workspace",
  "version": "0.1.0",
  "lockfileVersion": 3,
  "requires": true,
  "packages": {
    "": {
      "name": "ink-sdk-workspace",
      "version": "0.1.0",
      "workspaces": [
        "packages/*"
      ],
      "dependencies": {
        "@ika.xyz/sdk": "^0.4.1",
        "@mysten/sui": "^2.18.0",
        "ethers": "^6.16.0"
      },
      "devDependencies": {
        "@types/node": "^22.19.21",
        "typescript": "^5.8.3"
      }
    },
    "node_modules/@0no-co/graphql.web": {
      "version": "1.3.2",
      "resolved": "https://registry.npmjs.org/@0no-co/graphql.web/-/graphql.web-1.3.2.tgz",
      "integrity": "sha512-Q1+pRlLhE31GOY/2c9BAEnFTNxO7Awtc6fhhEDlxyCBQ2N0IhD32cPVvPChrK9mwBNSgRdW/sF1kd2e0ojHj1Q==",
      "peerDependencies": {
        "graphql": "^14.0.0 || ^15.0.0 || ^16.0.0"
      },
      "peerDependenciesMeta": {
        "graphql": {
          "optional": true
        }
      }
    },
    "node_modules/@0no-co/graphqlsp": {
      "version": "1.17.2",
      "resolved": "https://registry.npmjs.org/@0no-co/graphqlsp/-/graphqlsp-1.17.2.tgz",
      "integrity": "sha512-b3Et0xpXj6H8gYraDUd/hVpY0+WnkAS4cwf4fjnvWGlZhVI2Tt2EXl6lhYx+aprUM7oQ7s7Z6JfjPzBkPpj6jQ==",
      "dependencies": {
        "@gql.tada/internal": "^1.2.0",
        "graphql": "^15.5.0 || ^16.0.0 || ^17.0.0"
      },
      "peerDependencies": {
        "graphql": "^15.5.0 || ^16.0.0 || ^17.0.0",
        "typescript": "^5.0.0 || ^6.0.0"
      }
    },
    "node_modules/@adraffy/ens-normalize": {
      "version": "1.10.1",
      "resolved": "https://registry.npmjs.org/@adraffy/ens-normalize/-/ens-normalize-1.10.1.tgz",
      "integrity": "sha512-96Z2IP3mYmF1Xg2cDm8f1gWGf/HUVedQ3FMifV4kG/PQ4yEP51xDtRAEfhVNt5f/uzpNkZHwWQuUcu6D6K+Ekw=="
    },
    "node_modules/@gql.tada/cli-utils": {
      "version": "1.9.1",
      "resolved": "https://registry.npmjs.org/@gql.tada/cli-utils/-/cli-utils-1.9.1.tgz",
      "integrity": "sha512-PTWdrcnLOKQ3cOLrYOBF/QwzKnjE037jq4CibxB5IV/Pi+Vjr8YhL5W210gkpfdCOJ/YM1lM3Q6jusmzC6z4Vw==",
      "dependencies": {
        "@0no-co/graphqlsp": "^1.17.2",
        "@gql.tada/internal": "1.2.0",
        "graphql": "^15.5.0 || ^16.0.0 || ^17.0.0"
      },
      "peerDependencies": {
        "@0no-co/graphqlsp": "^1.16.0",
        "@gql.tada/svelte-support": "1.0.3",
        "@gql.tada/vue-support": "1.0.3",
        "graphql": "^15.5.0 || ^16.0.0 || ^17.0.0",
        "typescript": "^5.0.0 || ^6.0.0 || ^7.0.0 || ^8.0.0"
      },
      "peerDependenciesMeta": {
        "@gql.tada/svelte-support": {
          "optional": true
        },
        "@gql.tada/vue-support": {
          "optional": true
        }
      }
    },
    "node_modules/@gql.tada/internal": {
      "version": "1.2.0",
      "resolved": "https://registry.npmjs.org/@gql.tada/internal/-/internal-1.2.0.tgz",
      "integrity": "sha512-mbrWlSLNMCMuP7uGFm4EGFJ0oU1XqzUqykAqQ4emVLUvuERKB6Vhb3KoWdSqSCCBKm7G3WcYCYgFbaMUUMNshw==",
      "dependencies": {
        "@0no-co/graphql.web": "^1.3.1"
      },
      "peerDependencies": {
        "graphql": "^15.5.0 || ^16.0.0 || ^17.0.0",
        "typescript": "^5.0.0 || ^6.0.0 || ^7.0.0 || ^8.0.0"
      }
    },
    "node_modules/@graphql-typed-document-node/core": {
      "version": "3.2.0",
      "resolved": "https://registry.npmjs.org/@graphql-typed-document-node/core/-/core-3.2.0.tgz",
      "integrity": "sha512-mB9oAsNCm9aM3/SOv4YtBMqZbYj10R7dkq8byBqxGY/ncFwhf2oQzMV+LCRlWoDSEBJ3COiR1yeDvMtsoOsuFQ==",
      "peerDependencies": {
        "graphql": "^0.8.0 || ^0.9.0 || ^0.10.0 || ^0.11.0 || ^0.12.0 || ^0.13.0 || ^14.0.0 || ^15.0.0 || ^16.0.0 || ^17.0.0"
      }
    },
    "node_modules/@ika.xyz/ika-wasm": {
      "version": "0.2.1",
      "resolved": "https://registry.npmjs.org/@ika.xyz/ika-wasm/-/ika-wasm-0.2.1.tgz",
      "integrity": "sha512-Zq528aTdAHA7mW4+vqUoc/fhornMo8EHcS8hKJx1ZBs9tAepWw07ZReMsZuCtQRmpi1vmYh2mIi2PhZRV0M4dA=="
    },
    "node_modules/@ika.xyz/sdk": {
      "version": "0.4.1",
      "resolved": "https://registry.npmjs.org/@ika.xyz/sdk/-/sdk-0.4.1.tgz",
      "integrity": "sha512-4rYLweFAafKA6Amw03Be/E6hKfw0+zU3RJEe6hQQFFA9TzxEBLkIkw+B+NAqo0R/I01Kko/ucX1orsFNl1bo7A==",
      "dependencies": {
        "@ika.xyz/ika-wasm": "0.2.1",
        "@mysten/bcs": "^2.0.2",
        "@mysten/sui": "^2.5.0",
        "@noble/curves": "^2.0.1",
        "@noble/hashes": "^2.0.1"
      },
      "engines": {
        "node": ">=18"
      }
    },
    "node_modules/@ink/evm": {
      "resolved": "packages/evm",
      "link": true
    },
    "node_modules/@ink/ika-connector": {
      "resolved": "packages/ika-connector",
      "link": true
    },
    "node_modules/@ink/react": {
      "resolved": "packages/react",
      "link": true
    },
    "node_modules/@ink/sdk": {
      "resolved": "packages/sdk",
      "link": true
    },
    "node_modules/@ink/solana": {
      "resolved": "packages/solana",
      "link": true
    },
    "node_modules/@ink/sui": {
      "resolved": "packages/sui",
      "link": true
    },
    "node_modules/@ink/types": {
      "resolved": "packages/types",
      "link": true
    },
    "node_modules/@mysten/bcs": {
      "version": "2.1.0",
      "resolved": "https://registry.npmjs.org/@mysten/bcs/-/bcs-2.1.0.tgz",
      "integrity": "sha512-rIR/cDAqDfBDxmYEZXppN/on8gmh1OW0dYi/Bk2kMBZcYMTaBaEtEX1VR6g7HicVxuMbFAIP0/SQkdH7J9Y5dQ==",
      "dependencies": {
        "@mysten/utils": "^0.4.0",
        "@scure/base": "^2.2.0"
      }
    },
    "node_modules/@mysten/sui": {
      "version": "2.18.0",
      "resolved": "https://registry.npmjs.org/@mysten/sui/-/sui-2.18.0.tgz",
      "integrity": "sha512-CW6T1giC9d3QzZPxRXjGxMnBndGf6EONBoAX3HVKn58z4smgYbbBga79IzxhRqMVPyMAhYZVaFJLqE/xjCMUOw==",
      "dependencies": {
        "@graphql-typed-document-node/core": "^3.2.0",
        "@mysten/bcs": "^2.1.0",
        "@mysten/utils": "^0.4.0",
        "@noble/curves": "^2.2.0",
        "@noble/hashes": "^2.2.0",
        "@protobuf-ts/grpcweb-transport": "^2.11.1",
        "@protobuf-ts/runtime": "^2.11.1",
        "@protobuf-ts/runtime-rpc": "^2.11.1",
        "@scure/base": "^2.2.0",
        "@scure/bip32": "^2.2.0",
        "@scure/bip39": "^2.2.0",
        "gql.tada": "^1.10.1",
        "graphql": "^16.14.2",
        "poseidon-lite": "0.2.1",
        "valibot": "^1.4.1"
      },
      "engines": {
        "node": ">=22"
      }
    },
    "node_modules/@mysten/utils": {
      "version": "0.4.0",
      "resolved": "https://registry.npmjs.org/@mysten/utils/-/utils-0.4.0.tgz",
      "integrity": "sha512-nHlXECBl9kE+AHF/aw5a7JVNizae8Kb71A4H18BV/sXd5/l2BaWNGWVatq05fzJo3hF78AWorDxa++1TgcBKWw==",
      "dependencies": {
        "@scure/base": "^2.2.0"
      }
    },
    "node_modules/@noble/curves": {
      "version": "2.2.0",
      "resolved": "https://registry.npmjs.org/@noble/curves/-/curves-2.2.0.tgz",
      "integrity": "sha512-T/BoHgFXirb0ENSPBquzX0rcjXeM6Lo892a2jlYJkqk83LqZx0l1Of7DzlKJ6jkpvMrkHSnAcgb5JegL8SeIkQ==",
      "dependencies": {
        "@noble/hashes": "2.2.0"
      },
      "engines": {
        "node": ">= 20.19.0"
      },
      "funding": {
        "url": "https://paulmillr.com/funding/"
      }
    },
    "node_modules/@noble/hashes": {
      "version": "2.2.0",
      "resolved": "https://registry.npmjs.org/@noble/hashes/-/hashes-2.2.0.tgz",
      "integrity": "sha512-IYqDGiTXab6FniAgnSdZwgWbomxpy9FtYvLKs7wCUs2a8RkITG+DFGO1DM9cr+E3/RgADRpFjrKVaJ1z6sjtEg==",
      "engines": {
        "node": ">= 20.19.0"
      },
      "funding": {
        "url": "https://paulmillr.com/funding/"
      }
    },
    "node_modules/@protobuf-ts/grpcweb-transport": {
      "version": "2.11.1",
      "resolved": "https://registry.npmjs.org/@protobuf-ts/grpcweb-transport/-/grpcweb-transport-2.11.1.tgz",
      "integrity": "sha512-1W4utDdvOB+RHMFQ0soL4JdnxjXV+ddeGIUg08DvZrA8Ms6k5NN6GBFU2oHZdTOcJVpPrDJ02RJlqtaoCMNBtw==",
      "dependencies": {
        "@protobuf-ts/runtime": "^2.11.1",
        "@protobuf-ts/runtime-rpc": "^2.11.1"
      }
    },
    "node_modules/@protobuf-ts/runtime": {
      "version": "2.11.1",
      "resolved": "https://registry.npmjs.org/@protobuf-ts/runtime/-/runtime-2.11.1.tgz",
      "integrity": "sha512-KuDaT1IfHkugM2pyz+FwiY80ejWrkH1pAtOBOZFuR6SXEFTsnb/jiQWQ1rCIrcKx2BtyxnxW6BWwsVSA/Ie+WQ=="
    },
    "node_modules/@protobuf-ts/runtime-rpc": {
      "version": "2.11.1",
      "resolved": "https://registry.npmjs.org/@protobuf-ts/runtime-rpc/-/runtime-rpc-2.11.1.tgz",
      "integrity": "sha512-4CqqUmNA+/uMz00+d3CYKgElXO9VrEbucjnBFEjqI4GuDrEQ32MaI3q+9qPBvIGOlL4PmHXrzM32vBPWRhQKWQ==",
      "dependencies": {
        "@protobuf-ts/runtime": "^2.11.1"
      }
    },
    "node_modules/@scure/base": {
      "version": "2.2.0",
      "resolved": "https://registry.npmjs.org/@scure/base/-/base-2.2.0.tgz",
      "integrity": "sha512-b8XEupJibegiXV+tDUseI8oLQc8ei3d/4Jkb2RpbHh3MfE054ov3uIz2dhFkB3FI8iwYkEh0gGCApkrYggkPNg==",
      "funding": {
        "url": "https://paulmillr.com/funding/"
      }
    },
    "node_modules/@scure/bip32": {
      "version": "2.2.0",
      "resolved": "https://registry.npmjs.org/@scure/bip32/-/bip32-2.2.0.tgz",
      "integrity": "sha512-zFr7t2F+a9+5tB7QbarF2HQNYrgjCNaoLAupZdKkrFMYMozJf5zqH2WJCQibMzm1qQ0QogrxVGO3qXfQDYMaQg==",
      "dependencies": {
        "@noble/curves": "2.2.0",
        "@noble/hashes": "2.2.0",
        "@scure/base": "2.2.0"
      },
      "funding": {
        "url": "https://paulmillr.com/funding/"
      }
    },
    "node_modules/@scure/bip39": {
      "version": "2.2.0",
      "resolved": "https://registry.npmjs.org/@scure/bip39/-/bip39-2.2.0.tgz",
      "integrity": "sha512-T/Bj/YvYMNkIPq6EENO6/rcs2e7qTNuyoUXf0KBFDmp0ZDu0H2X4Lq6yC3i0c8PcWkov5EbW+yQZZbdMmk154A==",
      "dependencies": {
        "@noble/hashes": "2.2.0",
        "@scure/base": "2.2.0"
      },
      "funding": {
        "url": "https://paulmillr.com/funding/"
      }
    },
    "node_modules/@types/node": {
      "version": "22.19.21",
      "resolved": "https://registry.npmjs.org/@types/node/-/node-22.19.21.tgz",
      "integrity": "sha512-VMeFBSCKQKmm2swI2kW51SFusDqekC6q9trBCvJ/JliDchFSuoYYKN7yVNjPthP1HKZcx3U1gI/wTcEBjEFKTA==",
      "dev": true,
      "dependencies": {
        "undici-types": "~6.21.0"
      }
    },
    "node_modules/@types/prop-types": {
      "version": "15.7.15",
      "resolved": "https://registry.npmjs.org/@types/prop-types/-/prop-types-15.7.15.tgz",
      "integrity": "sha512-F6bEyamV9jKGAFBEmlQnesRPGOQqS2+Uwi0Em15xenOxHaf2hv6L8YCVn3rPdPJOiJfPiCnLIRyvwVaqMY3MIw==",
      "dev": true
    },
    "node_modules/@types/react": {
      "version": "18.3.31",
      "resolved": "https://registry.npmjs.org/@types/react/-/react-18.3.31.tgz",
      "integrity": "sha512-vfEqpXTvwT91yhmwdfouStN2hSKwTvyRs8qpLfADyrq/kxDw0hZM7Wk9Ug1FELj8hIby+S/+kQCSRFF32nv2Qw==",
      "dev": true,
      "dependencies": {
        "@types/prop-types": "*",
        "csstype": "^3.2.2"
      }
    },
    "node_modules/aes-js": {
      "version": "4.0.0-beta.5",
      "resolved": "https://registry.npmjs.org/aes-js/-/aes-js-4.0.0-beta.5.tgz",
      "integrity": "sha512-G965FqalsNyrPqgEGON7nIx1e/OVENSgiEIzyC63haUMuvNnwIgIjMs52hlTCKhkBny7A2ORNlfY9Zu+jmGk1Q=="
    },
    "node_modules/csstype": {
      "version": "3.2.3",
      "resolved": "https://registry.npmjs.org/csstype/-/csstype-3.2.3.tgz",
      "integrity": "sha512-z1HGKcYy2xA8AGQfwrn0PAy+PB7X/GSj3UVJW9qKyn43xWa+gl5nXmU4qqLMRzWVLFC8KusUX8T/0kCiOYpAIQ==",
      "dev": true
    },
    "node_modules/ethers": {
      "version": "6.16.0",
      "resolved": "https://registry.npmjs.org/ethers/-/ethers-6.16.0.tgz",
      "integrity": "sha512-U1wulmetNymijEhpSEQ7Ct/P/Jw9/e7R1j5XIbPRydgV2DjLVMsULDlNksq3RQnFgKoLlZf88ijYtWEXcPa07A==",
      "funding": [
        {
          "type": "individual",
          "url": "https://github.com/sponsors/ethers-io/"
        },
        {
          "type": "individual",
          "url": "https://www.buymeacoffee.com/ricmoo"
        }
      ],
      "dependencies": {
        "@adraffy/ens-normalize": "1.10.1",
        "@noble/curves": "1.2.0",
        "@noble/hashes": "1.3.2",
        "@types/node": "22.7.5",
        "aes-js": "4.0.0-beta.5",
        "tslib": "2.7.0",
        "ws": "8.17.1"
      },
      "engines": {
        "node": ">=14.0.0"
      }
    },
    "node_modules/ethers/node_modules/@noble/curves": {
      "version": "1.2.0",
      "resolved": "https://registry.npmjs.org/@noble/curves/-/curves-1.2.0.tgz",
      "integrity": "sha512-oYclrNgRaM9SsBUBVbb8M6DTV7ZHRTKugureoYEncY5c65HOmRzvSiTE3y5CYaPYJA/GVkrhXEoF0M3Ya9PMnw==",
      "dependencies": {
        "@noble/hashes": "1.3.2"
      },
      "funding": {
        "url": "https://paulmillr.com/funding/"
      }
    },
    "node_modules/ethers/node_modules/@noble/hashes": {
      "version": "1.3.2",
      "resolved": "https://registry.npmjs.org/@noble/hashes/-/hashes-1.3.2.tgz",
      "integrity": "sha512-MVC8EAQp7MvEcm30KWENFjgR+Mkmf+D189XJTkFIlwohU5hcBbn1ZkKq7KVTi2Hme3PMGF390DaL52beVrIihQ==",
      "engines": {
        "node": ">= 16"
      },
      "funding": {
        "url": "https://paulmillr.com/funding/"
      }
    },
    "node_modules/ethers/node_modules/@types/node": {
      "version": "22.7.5",
      "resolved": "https://registry.npmjs.org/@types/node/-/node-22.7.5.tgz",
      "integrity": "sha512-jML7s2NAzMWc//QSJ1a3prpk78cOPchGvXJsC3C6R6PSMoooztvRVQEz89gmBTBY1SPMaqo5teB4uNHPdetShQ==",
      "dependencies": {
        "undici-types": "~6.19.2"
      }
    },
    "node_modules/ethers/node_modules/undici-types": {
      "version": "6.19.8",
      "resolved": "https://registry.npmjs.org/undici-types/-/undici-types-6.19.8.tgz",
      "integrity": "sha512-ve2KP6f/JnbPBFyobGHuerC9g1FYGn/F8n1LWTwNxCEzd6IfqTwUQcNXgEtmmQ6DlRrC1hrSrBnCZPokRrDHjw=="
    },
    "node_modules/gql.tada": {
      "version": "1.11.1",
      "resolved": "https://registry.npmjs.org/gql.tada/-/gql.tada-1.11.1.tgz",
      "integrity": "sha512-ZfmvPQq7SX7foxjGpVJlKNYHotyapwNlAe8OxCy8uLdUnC9KP/o6rMjrgMW9jN3udES6SsvNAXjyM/l6FssDAg==",
      "dependencies": {
        "@0no-co/graphql.web": "^1.3.2",
        "@0no-co/graphqlsp": "^1.17.2",
        "@gql.tada/cli-utils": "1.9.1",
        "@gql.tada/internal": "1.2.0"
      },
      "bin": {
        "gql-tada": "bin/cli.js",
        "gql.tada": "bin/cli.js"
      },
      "peerDependencies": {
        "typescript": "^5.0.0 || ^6.0.0 || ^7.0.0 || ^8.0.0"
      }
    },
    "node_modules/graphql": {
      "version": "16.14.2",
      "resolved": "https://registry.npmjs.org/graphql/-/graphql-16.14.2.tgz",
      "integrity": "sha512-Chq1s4CY7jmh8gO2qvLIJyfCDIN+EHLFW/9iShnp1z8FjBQMoodWP1kDC36VAMXXIvAjj4ARa7ntfAV2BrjsbA==",
      "engines": {
        "node": "^12.22.0 || ^14.16.0 || ^16.0.0 || >=17.0.0"
      }
    },
    "node_modules/js-tokens": {
      "version": "4.0.0",
      "resolved": "https://registry.npmjs.org/js-tokens/-/js-tokens-4.0.0.tgz",
      "integrity": "sha512-RdJUflcE3cUzKiMqQgsCu06FPu9UdIJO0beYbPhHN4k6apgJtifcoCtT9bcxOpYBtpD2kCM6Sbzg4CausW/PKQ==",
      "dev": true
    },
    "node_modules/loose-envify": {
      "version": "1.4.0",
      "resolved": "https://registry.npmjs.org/loose-envify/-/loose-envify-1.4.0.tgz",
      "integrity": "sha512-lyuxPGr/Wfhrlem2CL/UcnUc1zcqKAImBDzukY7Y5F/yQiNdko6+fRLevlw1HgMySw7f611UIY408EtxRSoK3Q==",
      "dev": true,
      "dependencies": {
        "js-tokens": "^3.0.0 || ^4.0.0"
      },
      "bin": {
        "loose-envify": "cli.js"
      }
    },
    "node_modules/poseidon-lite": {
      "version": "0.2.1",
      "resolved": "https://registry.npmjs.org/poseidon-lite/-/poseidon-lite-0.2.1.tgz",
      "integrity": "sha512-xIr+G6HeYfOhCuswdqcFpSX47SPhm0EpisWJ6h7fHlWwaVIvH3dLnejpatrtw6Xc6HaLrpq05y7VRfvDmDGIog=="
    },
    "node_modules/react": {
      "version": "18.3.1",
      "resolved": "https://registry.npmjs.org/react/-/react-18.3.1.tgz",
      "integrity": "sha512-wS+hAgJShR0KhEvPJArfuPVN1+Hz1t0Y6n5jLrGQbkb4urgPE/0Rve+1kMB1v/oWgHgm4WIcV+i7F2pTVj+2iQ==",
      "dev": true,
      "dependencies": {
        "loose-envify": "^1.1.0"
      },
      "engines": {
        "node": ">=0.10.0"
      }
    },
    "node_modules/tslib": {
      "version": "2.7.0",
      "resolved": "https://registry.npmjs.org/tslib/-/tslib-2.7.0.tgz",
      "integrity": "sha512-gLXCKdN1/j47AiHiOkJN69hJmcbGTHI0ImLmbYLHykhgeN0jVGola9yVjFgzCUklsZQMW55o+dW7IXv3RCXDzA=="
    },
    "node_modules/typescript": {
      "version": "5.9.3",
      "resolved": "https://registry.npmjs.org/typescript/-/typescript-5.9.3.tgz",
      "integrity": "sha512-jl1vZzPDinLr9eUt3J/t7V6FgNEw9QjvBPdysz9KfQDD41fQrC2Y4vKQdiaUpFT4bXlb1RHhLpp8wtm6M5TgSw==",
      "bin": {
        "tsc": "bin/tsc",
        "tsserver": "bin/tsserver"
      },
      "engines": {
        "node": ">=14.17"
      }
    },
    "node_modules/undici-types": {
      "version": "6.21.0",
      "resolved": "https://registry.npmjs.org/undici-types/-/undici-types-6.21.0.tgz",
      "integrity": "sha512-iwDZqg0QAGrg9Rav5H4n0M64c3mkR59cJ6wQp+7C4nI0gsmExaedaYLNO44eT4AtBBwjbTiGPMlt2Md0T9H9JQ==",
      "dev": true
    },
    "node_modules/valibot": {
      "version": "1.4.1",
      "resolved": "https://registry.npmjs.org/valibot/-/valibot-1.4.1.tgz",
      "integrity": "sha512-klCmFTz2jeDluy9RwX+F884TCiogtdBJ/YaxSx1EOBYXa3NXNWj8kR1jjN8rzluwojJVWWaHJ4r1U5LfICnM3g==",
      "peerDependencies": {
        "typescript": ">=5"
      },
      "peerDependenciesMeta": {
        "typescript": {
          "optional": true
        }
      }
    },
    "node_modules/ws": {
      "version": "8.17.1",
      "resolved": "https://registry.npmjs.org/ws/-/ws-8.17.1.tgz",
      "integrity": "sha512-6XQFvXTkbfUOZOKKILFG1PDK2NDQs4azKQl26T0YS5CxqWLgXajbPZ+h4gZekJyRqFU8pvnbAbbs/3TgRPy+GQ==",
      "engines": {
        "node": ">=10.0.0"
      },
      "peerDependencies": {
        "bufferutil": "^4.0.1",
        "utf-8-validate": ">=5.0.2"
      },
      "peerDependenciesMeta": {
        "bufferutil": {
          "optional": true
        },
        "utf-8-validate": {
          "optional": true
        }
      }
    },
    "packages/evm": {
      "name": "@ink/evm",
      "version": "0.1.0",
      "dependencies": {
        "@ink/types": "0.1.0"
      }
    },
    "packages/ika-connector": {
      "name": "@ink/ika-connector",
      "version": "0.1.0",
      "dependencies": {
        "@ika.xyz/sdk": "^0.4.1",
        "@ink/types": "0.1.0",
        "@mysten/sui": "^2.17.0",
        "ethers": "^6.11.0"
      }
    },
    "packages/react": {
      "name": "@ink/react",
      "version": "0.1.0",
      "dependencies": {
        "@ink/sdk": "0.1.0",
        "@ink/types": "0.1.0"
      },
      "devDependencies": {
        "@types/react": "^18.3.23",
        "react": "^18.3.1"
      },
      "peerDependencies": {
        "react": ">=18"
      }
    },
    "packages/sdk": {
      "name": "@ink/sdk",
      "version": "0.1.0",
      "dependencies": {
        "@ink/evm": "0.1.0",
        "@ink/ika-connector": "0.1.0",
        "@ink/solana": "0.1.0",
        "@ink/sui": "0.1.0",
        "@ink/types": "0.1.0"
      }
    },
    "packages/solana": {
      "name": "@ink/solana",
      "version": "0.1.0",
      "dependencies": {
        "@ink/types": "0.1.0"
      }
    },
    "packages/sui": {
      "name": "@ink/sui",
      "version": "0.1.0",
      "dependencies": {
        "@ink/types": "0.1.0"
      }
    },
    "packages/types": {
      "name": "@ink/types",
      "version": "0.1.0"
    }
  }
}
